
Microsoft Visual Studio Solution File, Format Version 12.00
Project("{FAE04EC0-301F-11D3-BF4B-00C04F79EFBC}") = "Postter", "Postter.csproj", "{70F83256-C4B5-487D-BE5C-6A28719688AA}"
EndProject
Global
	GlobalSection(SolutionConfigurationPlatforms) = preSolution
		Debug|Any CPU = Debug|Any CPU
		Release|Any CPU = Release|Any CPU
	EndGlobalSection
	GlobalSection(ProjectConfigurationPlatforms) = postSolution
		{70F83256-C4B5-487D-BE5C-6A28719688AA}.Debug|Any CPU.ActiveCfg = Debug|Any CPU
		{70F83256-C4B5-487D-BE5C-6A28719688AA}.Debug|Any CPU.Build.0 = Debug|Any CPU
		{70F83256-C4B5-487D-BE5C-6A28719688AA}.Release|Any CPU.ActiveCfg = Release|Any CPU
		{70F83256-C4B5-487D-BE5C-6A28719688AA}.Release|Any CPU.Build.0 = Release|Any CPU
	EndGlobalSection
EndGlobal
